
Microsoft Visual Studio Solution File, Format Version 12.00
# Visual Studio 15
Project("{FAE04EC0-301F-11D3-BF4B-00C04F79EFBC}") = "nb_magique_console", "nb_magique_console\nb_magique_console.csproj", "{CA859623-CD31-45DE-A568-CC61B20BDA83}"
EndProject
Global
	GlobalSection(SolutionConfigurationPlatforms) = preSolution
		Debug|anycpu = Debug|anycpu
		Release|anycpu = Release|anycpu
	EndGlobalSection
	GlobalSection(ProjectConfigurationPlatforms) = postSolution
		{CA859623-CD31-45DE-A568-CC61B20BDA83}.Debug|anycpu.ActiveCfg = Debug|anycpu
		{CA859623-CD31-45DE-A568-CC61B20BDA83}.Debug|anycpu.Build.0 = Debug|anycpu
		{CA859623-CD31-45DE-A568-CC61B20BDA83}.Release|anycpu.ActiveCfg = Release|anycpu
		{CA859623-CD31-45DE-A568-CC61B20BDA83}.Release|anycpu.Build.0 = Release|anycpu
	EndGlobalSection
EndGlobal
