
Microsoft Visual Studio Solution File, Format Version 12.00
# Visual Studio 15
Project("{FAE04EC0-301F-11D3-BF4B-00C04F79EFBC}") = "PizzaObjectConsole", "PizzaObjectConsole\PizzaObjectConsole.csproj", "{06D3B5BF-80A4-4A6E-8218-63451A4251EE}"
EndProject
Global
	GlobalSection(SolutionConfigurationPlatforms) = preSolution
		Debug|anycpu = Debug|anycpu
		Release|anycpu = Release|anycpu
	EndGlobalSection
	GlobalSection(ProjectConfigurationPlatforms) = postSolution
		{06D3B5BF-80A4-4A6E-8218-63451A4251EE}.Debug|anycpu.ActiveCfg = Debug|anycpu
		{06D3B5BF-80A4-4A6E-8218-63451A4251EE}.Debug|anycpu.Build.0 = Debug|anycpu
		{06D3B5BF-80A4-4A6E-8218-63451A4251EE}.Release|anycpu.ActiveCfg = Release|anycpu
		{06D3B5BF-80A4-4A6E-8218-63451A4251EE}.Release|anycpu.Build.0 = Release|anycpu
	EndGlobalSection
EndGlobal
